
Microsoft Visual Studio Solution File, Format Version 12.00
# Visual Studio Version 16
VisualStudioVersion = 16.0.31729.503
MinimumVisualStudioVersion = 10.0.40219.1
Project("{FAE04EC0-301F-11D3-BF4B-00C04F79EFBC}") = "CicloUnoDiez", "CicloUnoDiez\CicloUnoDiez.csproj", "{BB65229D-E3E3-440C-A895-3AC97235A7D8}"
EndProject
Global
	GlobalSection(SolutionConfigurationPlatforms) = preSolution
		Debug|Any CPU = Debug|Any CPU
		Release|Any CPU = Release|Any CPU
	EndGlobalSection
	GlobalSection(ProjectConfigurationPlatforms) = postSolution
		{BB65229D-E3E3-440C-A895-3AC97235A7D8}.Debug|Any CPU.ActiveCfg = Debug|Any CPU
		{BB65229D-E3E3-440C-A895-3AC97235A7D8}.Debug|Any CPU.Build.0 = Debug|Any CPU
		{BB65229D-E3E3-440C-A895-3AC97235A7D8}.Release|Any CPU.ActiveCfg = Release|Any CPU
		{BB65229D-E3E3-440C-A895-3AC97235A7D8}.Release|Any CPU.Build.0 = Release|Any CPU
	EndGlobalSection
	GlobalSection(SolutionProperties) = preSolution
		HideSolutionNode = FALSE
	EndGlobalSection
	GlobalSection(ExtensibilityGlobals) = postSolution
		SolutionGuid = {0A20C9DC-4C28-4247-9DCB-60F4537695FE}
	EndGlobalSection
EndGlobal
