
Microsoft Visual Studio Solution File, Format Version 12.00
# Visual Studio Version 16
VisualStudioVersion = 16.0.31729.503
MinimumVisualStudioVersion = 10.0.40219.1
Project("{FAE04EC0-301F-11D3-BF4B-00C04F79EFBC}") = "Sueldos", "Sueldos\Sueldos.csproj", "{D0451732-C021-4DC5-A999-A4F2D3F9930D}"
EndProject
Global
	GlobalSection(SolutionConfigurationPlatforms) = preSolution
		Debug|Any CPU = Debug|Any CPU
		Release|Any CPU = Release|Any CPU
	EndGlobalSection
	GlobalSection(ProjectConfigurationPlatforms) = postSolution
		{D0451732-C021-4DC5-A999-A4F2D3F9930D}.Debug|Any CPU.ActiveCfg = Debug|Any CPU
		{D0451732-C021-4DC5-A999-A4F2D3F9930D}.Debug|Any CPU.Build.0 = Debug|Any CPU
		{D0451732-C021-4DC5-A999-A4F2D3F9930D}.Release|Any CPU.ActiveCfg = Release|Any CPU
		{D0451732-C021-4DC5-A999-A4F2D3F9930D}.Release|Any CPU.Build.0 = Release|Any CPU
	EndGlobalSection
	GlobalSection(SolutionProperties) = preSolution
		HideSolutionNode = FALSE
	EndGlobalSection
	GlobalSection(ExtensibilityGlobals) = postSolution
		SolutionGuid = {65208949-B034-4579-8A5D-DAF9314FC4A0}
	EndGlobalSection
EndGlobal
