
Microsoft Visual Studio Solution File, Format Version 12.00
# Visual Studio Version 16
VisualStudioVersion = 16.0.31729.503
MinimumVisualStudioVersion = 10.0.40219.1
Project("{FAE04EC0-301F-11D3-BF4B-00C04F79EFBC}") = "IntercambiarFilaMatriz", "IntercambiarFilaMatriz\IntercambiarFilaMatriz.csproj", "{F6C28031-F216-49AB-BCE3-6638E6112142}"
EndProject
Global
	GlobalSection(SolutionConfigurationPlatforms) = preSolution
		Debug|Any CPU = Debug|Any CPU
		Release|Any CPU = Release|Any CPU
	EndGlobalSection
	GlobalSection(ProjectConfigurationPlatforms) = postSolution
		{F6C28031-F216-49AB-BCE3-6638E6112142}.Debug|Any CPU.ActiveCfg = Debug|Any CPU
		{F6C28031-F216-49AB-BCE3-6638E6112142}.Debug|Any CPU.Build.0 = Debug|Any CPU
		{F6C28031-F216-49AB-BCE3-6638E6112142}.Release|Any CPU.ActiveCfg = Release|Any CPU
		{F6C28031-F216-49AB-BCE3-6638E6112142}.Release|Any CPU.Build.0 = Release|Any CPU
	EndGlobalSection
	GlobalSection(SolutionProperties) = preSolution
		HideSolutionNode = FALSE
	EndGlobalSection
	GlobalSection(ExtensibilityGlobals) = postSolution
		SolutionGuid = {7EF42BA5-1C1C-490B-A6B5-5FFE3C3A5446}
	EndGlobalSection
EndGlobal
