
Microsoft Visual Studio Solution File, Format Version 12.00
# Visual Studio Version 16
VisualStudioVersion = 16.0.31729.503
MinimumVisualStudioVersion = 10.0.40219.1
Project("{FAE04EC0-301F-11D3-BF4B-00C04F79EFBC}") = "EjerciciosConsola", "EjerciciosConsola\EjerciciosConsola.csproj", "{A8A7B3FE-B16E-4F0C-8687-A8BE0761F598}"
EndProject
Global
	GlobalSection(SolutionConfigurationPlatforms) = preSolution
		Debug|Any CPU = Debug|Any CPU
		Release|Any CPU = Release|Any CPU
	EndGlobalSection
	GlobalSection(ProjectConfigurationPlatforms) = postSolution
		{A8A7B3FE-B16E-4F0C-8687-A8BE0761F598}.Debug|Any CPU.ActiveCfg = Debug|Any CPU
		{A8A7B3FE-B16E-4F0C-8687-A8BE0761F598}.Debug|Any CPU.Build.0 = Debug|Any CPU
		{A8A7B3FE-B16E-4F0C-8687-A8BE0761F598}.Release|Any CPU.ActiveCfg = Release|Any CPU
		{A8A7B3FE-B16E-4F0C-8687-A8BE0761F598}.Release|Any CPU.Build.0 = Release|Any CPU
	EndGlobalSection
	GlobalSection(SolutionProperties) = preSolution
		HideSolutionNode = FALSE
	EndGlobalSection
	GlobalSection(ExtensibilityGlobals) = postSolution
		SolutionGuid = {99B7C16E-0F51-4A0D-B6D2-F1111113B220}
	EndGlobalSection
EndGlobal
